
Microsoft Visual Studio Solution File, Format Version 12.00
# Visual Studio Version 17
VisualStudioVersion = 17.2.32602.215
MinimumVisualStudioVersion = 10.0.40219.1
Project("{9A19103F-16F7-4668-BE54-9A1E7A4F7556}") = "Delay", "Delay.csproj", "{384E46CC-A281-4457-8D9E-E49178BF6C52}"
EndProject
Global
	GlobalSection(SolutionConfigurationPlatforms) = preSolution
		Debug|Any CPU = Debug|Any CPU
		Release|Any CPU = Release|Any CPU
	EndGlobalSection
	GlobalSection(ProjectConfigurationPlatforms) = postSolution
		{384E46CC-A281-4457-8D9E-E49178BF6C52}.Debug|Any CPU.ActiveCfg = Debug|Any CPU
		{384E46CC-A281-4457-8D9E-E49178BF6C52}.Debug|Any CPU.Build.0 = Debug|Any CPU
		{384E46CC-A281-4457-8D9E-E49178BF6C52}.Release|Any CPU.ActiveCfg = Release|Any CPU
		{384E46CC-A281-4457-8D9E-E49178BF6C52}.Release|Any CPU.Build.0 = Release|Any CPU
	EndGlobalSection
	GlobalSection(SolutionProperties) = preSolution
		HideSolutionNode = FALSE
	EndGlobalSection
	GlobalSection(ExtensibilityGlobals) = postSolution
		SolutionGuid = {465743DC-8582-46A2-A1FB-595D379CE681}
	EndGlobalSection
EndGlobal
